
Microsoft Visual Studio Solution File, Format Version 12.00
# Visual Studio Version 17
VisualStudioVersion = 17.14.36705.20
MinimumVisualStudioVersion = 10.0.40219.1
Project("{FAE04EC0-301F-11D3-BF4B-00C04F79EFBC}") = "UI", "UI.csproj", "{1EDBFFF0-91AB-4162-B93F-2EE889278C68}"
EndProject
Project("{2150E333-8FDC-42A3-9474-1A3956D46DE8}") = "Elementos de la solución", "Elementos de la solución", "{D107F4C8-89CC-BEA8-D3D7-CA6B7733353D}"
	ProjectSection(SolutionItems) = preProject
		CppBright.xshd = CppBright.xshd
		CppDark.xshd = CppDark.xshd
		CppDarkHighContrast.xshd = CppDarkHighContrast.xshd
		CppNeonPastel-FIXED.xshd = CppNeonPastel-FIXED.xshd
		TestBright.xshd = TestBright.xshd
	EndProjectSection
EndProject
Global
	GlobalSection(SolutionConfigurationPlatforms) = preSolution
		Debug|Any CPU = Debug|Any CPU
		Release|Any CPU = Release|Any CPU
	EndGlobalSection
	GlobalSection(ProjectConfigurationPlatforms) = postSolution
		{1EDBFFF0-91AB-4162-B93F-2EE889278C68}.Debug|Any CPU.ActiveCfg = Debug|Any CPU
		{1EDBFFF0-91AB-4162-B93F-2EE889278C68}.Debug|Any CPU.Build.0 = Debug|Any CPU
		{1EDBFFF0-91AB-4162-B93F-2EE889278C68}.Release|Any CPU.ActiveCfg = Release|Any CPU
		{1EDBFFF0-91AB-4162-B93F-2EE889278C68}.Release|Any CPU.Build.0 = Release|Any CPU
	EndGlobalSection
	GlobalSection(SolutionProperties) = preSolution
		HideSolutionNode = FALSE
	EndGlobalSection
	GlobalSection(ExtensibilityGlobals) = postSolution
		SolutionGuid = {2D255AFF-E9BC-43BB-96E1-3947C6BB15D5}
	EndGlobalSection
EndGlobal
